// !$*UTF8*$!
{
	archiveVersion = 1;
	classes = {
	};
	objectVersion = 50;
	objects = {

/* Begin PBXBuildFile section */
		BC397679214B2189004E6796 /* Location.swift in Sources */ = {isa = PBXBuildFile; fileRef = BC397678214B2189004E6796 /* Location.swift */; };
		BC39767B214B2304004E6796 /* LocationTests.swift in Sources */ = {isa = PBXBuildFile; fileRef = BC39767A214B2304004E6796 /* LocationTests.swift */; };
		BC39767D214B2872004E6796 /* ManagerTests.swift in Sources */ = {isa = PBXBuildFile; fileRef = BC39767C214B2872004E6796 /* ManagerTests.swift */; };
		BC397680214B2965004E6796 /* ItemManager.swift in Sources */ = {isa = PBXBuildFile; fileRef = BC39767F214B2965004E6796 /* ItemManager.swift */; };
		BC49A778214C85C500262FB2 /* ItemListViewControllerTest.swift in Sources */ = {isa = PBXBuildFile; fileRef = BC49A777214C85C500262FB2 /* ItemListViewControllerTest.swift */; };
		BC49A77A214C879E00262FB2 /* ItemListViewController.swift in Sources */ = {isa = PBXBuildFile; fileRef = BC49A779214C879E00262FB2 /* ItemListViewController.swift */; };
		BC49A77C214C8C4000262FB2 /* ItemListDataProvider.swift in Sources */ = {isa = PBXBuildFile; fileRef = BC49A77B214C8C4000262FB2 /* ItemListDataProvider.swift */; };
		BC992747214B16AD00FC4B9C /* AppDelegate.swift in Sources */ = {isa = PBXBuildFile; fileRef = BC992746214B16AD00FC4B9C /* AppDelegate.swift */; };
		BC99274C214B16AD00FC4B9C /* Main.storyboard in Resources */ = {isa = PBXBuildFile; fileRef = BC99274A214B16AD00FC4B9C /* Main.storyboard */; };
		BC99274E214B16AF00FC4B9C /* Assets.xcassets in Resources */ = {isa = PBXBuildFile; fileRef = BC99274D214B16AF00FC4B9C /* Assets.xcassets */; };
		BC992751214B16AF00FC4B9C /* LaunchScreen.storyboard in Resources */ = {isa = PBXBuildFile; fileRef = BC99274F214B16AF00FC4B9C /* LaunchScreen.storyboard */; };
		BC992767214B1AE600FC4B9C /* ToDoItemTests.swift in Sources */ = {isa = PBXBuildFile; fileRef = BC992766214B1AE600FC4B9C /* ToDoItemTests.swift */; };
		BC992769214B1B8800FC4B9C /* ToDoItem.swift in Sources */ = {isa = PBXBuildFile; fileRef = BC992768214B1B8800FC4B9C /* ToDoItem.swift */; };
/* End PBXBuildFile section */

/* Begin PBXContainerItemProxy section */
		BC992758214B16AF00FC4B9C /* PBXContainerItemProxy */ = {
			isa = PBXContainerItemProxy;
			containerPortal = BC99273B214B16AD00FC4B9C /* Project object */;
			proxyType = 1;
			remoteGlobalIDString = BC992742214B16AD00FC4B9C;
			remoteInfo = ToDo;
		};
/* End PBXContainerItemProxy section */

/* Begin PBXFileReference section */
		BC397678214B2189004E6796 /* Location.swift */ = {isa = PBXFileReference; lastKnownFileType = sourcecode.swift; path = Location.swift; sourceTree = "<group>"; };
		BC39767A214B2304004E6796 /* LocationTests.swift */ = {isa = PBXFileReference; lastKnownFileType = sourcecode.swift; path = LocationTests.swift; sourceTree = "<group>"; };
		BC39767C214B2872004E6796 /* ManagerTests.swift */ = {isa = PBXFileReference; lastKnownFileType = sourcecode.swift; path = ManagerTests.swift; sourceTree = "<group>"; };
		BC39767F214B2965004E6796 /* ItemManager.swift */ = {isa = PBXFileReference; lastKnownFileType = sourcecode.swift; path = ItemManager.swift; sourceTree = "<group>"; };
		BC49A777214C85C500262FB2 /* ItemListViewControllerTest.swift */ = {isa = PBXFileReference; lastKnownFileType = sourcecode.swift; path = ItemListViewControllerTest.swift; sourceTree = "<group>"; };
		BC49A779214C879E00262FB2 /* ItemListViewController.swift */ = {isa = PBXFileReference; lastKnownFileType = sourcecode.swift; path = ItemListViewController.swift; sourceTree = "<group>"; };
		BC49A77B214C8C4000262FB2 /* ItemListDataProvider.swift */ = {isa = PBXFileReference; lastKnownFileType = sourcecode.swift; path = ItemListDataProvider.swift; sourceTree = "<group>"; };
		BC992743214B16AD00FC4B9C /* ToDo.app */ = {isa = PBXFileReference; explicitFileType = wrapper.application; includeInIndex = 0; path = ToDo.app; sourceTree = BUILT_PRODUCTS_DIR; };
		BC992746214B16AD00FC4B9C /* AppDelegate.swift */ = {isa = PBXFileReference; lastKnownFileType = sourcecode.swift; path = AppDelegate.swift; sourceTree = "<group>"; };
		BC99274B214B16AD00FC4B9C /* Base */ = {isa = PBXFileReference; lastKnownFileType = file.storyboard; name = Base; path = Base.lproj/Main.storyboard; sourceTree = "<group>"; };
		BC99274D214B16AF00FC4B9C /* Assets.xcassets */ = {isa = PBXFileReference; lastKnownFileType = folder.assetcatalog; path = Assets.xcassets; sourceTree = "<group>"; };
		BC992750214B16AF00FC4B9C /* Base */ = {isa = PBXFileReference; lastKnownFileType = file.storyboard; name = Base; path = Base.lproj/LaunchScreen.storyboard; sourceTree = "<group>"; };
		BC992752214B16AF00FC4B9C /* Info.plist */ = {isa = PBXFileReference; lastKnownFileType = text.plist.xml; path = Info.plist; sourceTree = "<group>"; };
		BC992757214B16AF00FC4B9C /* ToDoTests.xctest */ = {isa = PBXFileReference; explicitFileType = wrapper.cfbundle; includeInIndex = 0; path = ToDoTests.xctest; sourceTree = BUILT_PRODUCTS_DIR; };
		BC99275D214B16AF00FC4B9C /* Info.plist */ = {isa = PBXFileReference; lastKnownFileType = text.plist.xml; path = Info.plist; sourceTree = "<group>"; };
		BC992766214B1AE600FC4B9C /* ToDoItemTests.swift */ = {isa = PBXFileReference; lastKnownFileType = sourcecode.swift; path = ToDoItemTests.swift; sourceTree = "<group>"; };
		BC992768214B1B8800FC4B9C /* ToDoItem.swift */ = {isa = PBXFileReference; lastKnownFileType = sourcecode.swift; path = ToDoItem.swift; sourceTree = "<group>"; };
/* End PBXFileReference section */

/* Begin PBXFrameworksBuildPhase section */
		BC992740214B16AD00FC4B9C /* Frameworks */ = {
			isa = PBXFrameworksBuildPhase;
			buildActionMask = 2147483647;
			files = (
			);
			runOnlyForDeploymentPostprocessing = 0;
		};
		BC992754214B16AF00FC4B9C /* Frameworks */ = {
			isa = PBXFrameworksBuildPhase;
			buildActionMask = 2147483647;
			files = (
			);
			runOnlyForDeploymentPostprocessing = 0;
		};
/* End PBXFrameworksBuildPhase section */

/* Begin PBXGroup section */
		BC397681214B296B004E6796 /* Model */ = {
			isa = PBXGroup;
			children = (
				BC49A77B214C8C4000262FB2 /* ItemListDataProvider.swift */,
				BC39767F214B2965004E6796 /* ItemManager.swift */,
				BC992768214B1B8800FC4B9C /* ToDoItem.swift */,
				BC397678214B2189004E6796 /* Location.swift */,
			);
			path = Model;
			sourceTree = "<group>";
		};
		BC99273A214B16AD00FC4B9C = {
			isa = PBXGroup;
			children = (
				BC992745214B16AD00FC4B9C /* ToDo */,
				BC99275A214B16AF00FC4B9C /* ToDoTests */,
				BC992744214B16AD00FC4B9C /* Products */,
			);
			sourceTree = "<group>";
		};
		BC992744214B16AD00FC4B9C /* Products */ = {
			isa = PBXGroup;
			children = (
				BC992743214B16AD00FC4B9C /* ToDo.app */,
				BC992757214B16AF00FC4B9C /* ToDoTests.xctest */,
			);
			name = Products;
			sourceTree = "<group>";
		};
		BC992745214B16AD00FC4B9C /* ToDo */ = {
			isa = PBXGroup;
			children = (
				BC49A779214C879E00262FB2 /* ItemListViewController.swift */,
				BC397681214B296B004E6796 /* Model */,
				BC992746214B16AD00FC4B9C /* AppDelegate.swift */,
				BC99274A214B16AD00FC4B9C /* Main.storyboard */,
				BC99274D214B16AF00FC4B9C /* Assets.xcassets */,
				BC99274F214B16AF00FC4B9C /* LaunchScreen.storyboard */,
				BC992752214B16AF00FC4B9C /* Info.plist */,
			);
			path = ToDo;
			sourceTree = "<group>";
		};
		BC99275A214B16AF00FC4B9C /* ToDoTests */ = {
			isa = PBXGroup;
			children = (
				BC49A777214C85C500262FB2 /* ItemListViewControllerTest.swift */,
				BC39767A214B2304004E6796 /* LocationTests.swift */,
				BC992766214B1AE600FC4B9C /* ToDoItemTests.swift */,
				BC39767C214B2872004E6796 /* ManagerTests.swift */,
				BC99275D214B16AF00FC4B9C /* Info.plist */,
			);
			path = ToDoTests;
			sourceTree = "<group>";
		};
/* End PBXGroup section */

/* Begin PBXNativeTarget section */
		BC992742214B16AD00FC4B9C /* ToDo */ = {
			isa = PBXNativeTarget;
			buildConfigurationList = BC992760214B16AF00FC4B9C /* Build configuration list for PBXNativeTarget "ToDo" */;
			buildPhases = (
				BC99273F214B16AD00FC4B9C /* Sources */,
				BC992740214B16AD00FC4B9C /* Frameworks */,
				BC992741214B16AD00FC4B9C /* Resources */,
			);
			buildRules = (
			);
			dependencies = (
			);
			name = ToDo;
			productName = ToDo;
			productReference = BC992743214B16AD00FC4B9C /* ToDo.app */;
			productType = "com.apple.product-type.application";
		};
		BC992756214B16AF00FC4B9C /* ToDoTests */ = {
			isa = PBXNativeTarget;
			buildConfigurationList = BC992763214B16AF00FC4B9C /* Build configuration list for PBXNativeTarget "ToDoTests" */;
			buildPhases = (
				BC992753214B16AF00FC4B9C /* Sources */,
				BC992754214B16AF00FC4B9C /* Frameworks */,
				BC992755214B16AF00FC4B9C /* Resources */,
			);
			buildRules = (
			);
			dependencies = (
				BC992759214B16AF00FC4B9C /* PBXTargetDependency */,
			);
			name = ToDoTests;
			productName = ToDoTests;
			productReference = BC992757214B16AF00FC4B9C /* ToDoTests.xctest */;
			productType = "com.apple.product-type.bundle.unit-test";
		};
/* End PBXNativeTarget section */

/* Begin PBXProject section */
		BC99273B214B16AD00FC4B9C /* Project object */ = {
			isa = PBXProject;
			attributes = {
				LastSwiftUpdateCheck = 0940;
				LastUpgradeCheck = 0940;
				ORGANIZATIONNAME = "Michael Pujol";
				TargetAttributes = {
					BC992742214B16AD00FC4B9C = {
						CreatedOnToolsVersion = 9.4.1;
					};
					BC992756214B16AF00FC4B9C = {
						CreatedOnToolsVersion = 9.4.1;
						TestTargetID = BC992742214B16AD00FC4B9C;
					};
				};
			};
			buildConfigurationList = BC99273E214B16AD00FC4B9C /* Build configuration list for PBXProject "ToDo" */;
			compatibilityVersion = "Xcode 9.3";
			developmentRegion = en;
			hasScannedForEncodings = 0;
			knownRegions = (
				en,
				Base,
			);
			mainGroup = BC99273A214B16AD00FC4B9C;
			productRefGroup = BC992744214B16AD00FC4B9C /* Products */;
			projectDirPath = "";
			projectRoot = "";
			targets = (
				BC992742214B16AD00FC4B9C /* ToDo */,
				BC992756214B16AF00FC4B9C /* ToDoTests */,
			);
		};
/* End PBXProject section */

/* Begin PBXResourcesBuildPhase section */
		BC992741214B16AD00FC4B9C /* Resources */ = {
			isa = PBXResourcesBuildPhase;
			buildActionMask = 2147483647;
			files = (
				BC992751214B16AF00FC4B9C /* LaunchScreen.storyboard in Resources */,
				BC99274E214B16AF00FC4B9C /* Assets.xcassets in Resources */,
				BC99274C214B16AD00FC4B9C /* Main.storyboard in Resources */,
			);
			runOnlyForDeploymentPostprocessing = 0;
		};
		BC992755214B16AF00FC4B9C /* Resources */ = {
			isa = PBXResourcesBuildPhase;
			buildActionMask = 2147483647;
			files = (
			);
			runOnlyForDeploymentPostprocessing = 0;
		};
/* End PBXResourcesBuildPhase section */

/* Begin PBXSourcesBuildPhase section */
		BC99273F214B16AD00FC4B9C /* Sources */ = {
			isa = PBXSourcesBuildPhase;
			buildActionMask = 2147483647;
			files = (
				BC397680214B2965004E6796 /* ItemManager.swift in Sources */,
				BC49A77C214C8C4000262FB2 /* ItemListDataProvider.swift in Sources */,
				BC992747214B16AD00FC4B9C /* AppDelegate.swift in Sources */,
				BC397679214B2189004E6796 /* Location.swift in Sources */,
				BC992769214B1B8800FC4B9C /* ToDoItem.swift in Sources */,
				BC49A77A214C879E00262FB2 /* ItemListViewController.swift in Sources */,
			);
			runOnlyForDeploymentPostprocessing = 0;
		};
		BC992753214B16AF00FC4B9C /* Sources */ = {
			isa = PBXSourcesBuildPhase;
			buildActionMask = 2147483647;
			files = (
				BC39767B214B2304004E6796 /* LocationTests.swift in Sources */,
				BC992767214B1AE600FC4B9C /* ToDoItemTests.swift in Sources */,
				BC49A778214C85C500262FB2 /* ItemListViewControllerTest.swift in Sources */,
				BC39767D214B2872004E6796 /* ManagerTests.swift in Sources */,
			);
			runOnlyForDeploymentPostprocessing = 0;
		};
/* End PBXSourcesBuildPhase section */

/* Begin PBXTargetDependency section */
		BC992759214B16AF00FC4B9C /* PBXTargetDependency */ = {
			isa = PBXTargetDependency;
			target = BC992742214B16AD00FC4B9C /* ToDo */;
			targetProxy = BC992758214B16AF00FC4B9C /* PBXContainerItemProxy */;
		};
/* End PBXTargetDependency section */

/* Begin PBXVariantGroup section */
		BC99274A214B16AD00FC4B9C /* Main.storyboard */ = {
			isa = PBXVariantGroup;
			children = (
				BC99274B214B16AD00FC4B9C /* Base */,
			);
			name = Main.storyboard;
			sourceTree = "<group>";
		};
		BC99274F214B16AF00FC4B9C /* LaunchScreen.storyboard */ = {
			isa = PBXVariantGroup;
			children = (
				BC992750214B16AF00FC4B9C /* Base */,
			);
			name = LaunchScreen.storyboard;
			sourceTree = "<group>";
		};
/* End PBXVariantGroup section */

/* Begin XCBuildConfiguration section */
		BC99275E214B16AF00FC4B9C /* Debug */ = {
			isa = XCBuildConfiguration;
			buildSettings = {
				ALWAYS_SEARCH_USER_PATHS = NO;
				CLANG_ANALYZER_NONNULL = YES;
				CLANG_ANALYZER_NUMBER_OBJECT_CONVERSION = YES_AGGRESSIVE;
				CLANG_CXX_LANGUAGE_STANDARD = "gnu++14";
				CLANG_CXX_LIBRARY = "libc++";
				CLANG_ENABLE_MODULES = YES;
				CLANG_ENABLE_OBJC_ARC = YES;
				CLANG_ENABLE_OBJC_WEAK = YES;
				CLANG_WARN_BLOCK_CAPTURE_AUTORELEASING = YES;
				CLANG_WARN_BOOL_CONVERSION = YES;
				CLANG_WARN_COMMA = YES;
				CLANG_WARN_CONSTANT_CONVERSION = YES;
				CLANG_WARN_DEPRECATED_OBJC_IMPLEMENTATIONS = YES;
				CLANG_WARN_DIRECT_OBJC_ISA_USAGE = YES_ERROR;
				CLANG_WARN_DOCUMENTATION_COMMENTS = YES;
				CLANG_WARN_EMPTY_BODY = YES;
				CLANG_WARN_ENUM_CONVERSION = YES;
				CLANG_WARN_INFINITE_RECURSION = YES;
				CLANG_WARN_INT_CONVERSION = YES;
				CLANG_WARN_NON_LITERAL_NULL_CONVERSION = YES;
				CLANG_WARN_OBJC_IMPLICIT_RETAIN_SELF = YES;
				CLANG_WARN_OBJC_LITERAL_CONVERSION = YES;
				CLANG_WARN_OBJC_ROOT_CLASS = YES_ERROR;
				CLANG_WARN_RANGE_LOOP_ANALYSIS = YES;
				CLANG_WARN_STRICT_PROTOTYPES = YES;
				CLANG_WARN_SUSPICIOUS_MOVE = YES;
				CLANG_WARN_UNGUARDED_AVAILABILITY = YES_AGGRESSIVE;
				CLANG_WARN_UNREACHABLE_CODE = YES;
				CLANG_WARN__DUPLICATE_METHOD_MATCH = YES;
				CODE_SIGN_IDENTITY = "iPhone Developer";
				COPY_PHASE_STRIP = NO;
				DEBUG_INFORMATION_FORMAT = dwarf;
				ENABLE_STRICT_OBJC_MSGSEND = YES;
				ENABLE_TESTABILITY = YES;
				GCC_C_LANGUAGE_STANDARD = gnu11;
				GCC_DYNAMIC_NO_PIC = NO;
				GCC_NO_COMMON_BLOCKS = YES;
				GCC_OPTIMIZATION_LEVEL = 0;
				GCC_PREPROCESSOR_DEFINITIONS = (
					"DEBUG=1",
					"$(inherited)",
				);
				GCC_WARN_64_TO_32_BIT_CONVERSION = YES;
				GCC_WARN_ABOUT_RETURN_TYPE = YES_ERROR;
				GCC_WARN_UNDECLARED_SELECTOR = YES;
				GCC_WARN_UNINITIALIZED_AUTOS = YES_AGGRESSIVE;
				GCC_WARN_UNUSED_FUNCTION = YES;
				GCC_WARN_UNUSED_VARIABLE = YES;
				IPHONEOS_DEPLOYMENT_TARGET = 11.4;
				MTL_ENABLE_DEBUG_INFO = YES;
				ONLY_ACTIVE_ARCH = YES;
				SDKROOT = iphoneos;
				SWIFT_ACTIVE_COMPILATION_CONDITIONS = DEBUG;
				SWIFT_OPTIMIZATION_LEVEL = "-Onone";
			};
			name = Debug;
		};
		BC99275F214B16AF00FC4B9C /* Release */ = {
			isa = XCBuildConfiguration;
			buildSettings = {
				ALWAYS_SEARCH_USER_PATHS = NO;
				CLANG_ANALYZER_NONNULL = YES;
				CLANG_ANALYZER_NUMBER_OBJECT_CONVERSION = YES_AGGRESSIVE;
				CLANG_CXX_LANGUAGE_STANDARD = "gnu++14";
				CLANG_CXX_LIBRARY = "libc++";
				CLANG_ENABLE_MODULES = YES;
				CLANG_ENABLE_OBJC_ARC = YES;
				CLANG_ENABLE_OBJC_WEAK = YES;
				CLANG_WARN_BLOCK_CAPTURE_AUTORELEASING = YES;
				CLANG_WARN_BOOL_CONVERSION = YES;
				CLANG_WARN_COMMA = YES;
				CLANG_WARN_CONSTANT_CONVERSION = YES;
				CLANG_WARN_DEPRECATED_OBJC_IMPLEMENTATIONS = YES;
				CLANG_WARN_DIRECT_OBJC_ISA_USAGE = YES_ERROR;
				CLANG_WARN_DOCUMENTATION_COMMENTS = YES;
				CLANG_WARN_EMPTY_BODY = YES;
				CLANG_WARN_ENUM_CONVERSION = YES;
				CLANG_WARN_INFINITE_RECURSION = YES;
				CLANG_WARN_INT_CONVERSION = YES;
				CLANG_WARN_NON_LITERAL_NULL_CONVERSION = YES;
				CLANG_WARN_OBJC_IMPLICIT_RETAIN_SELF = YES;
				CLANG_WARN_OBJC_LITERAL_CONVERSION = YES;
				CLANG_WARN_OBJC_ROOT_CLASS = YES_ERROR;
				CLANG_WARN_RANGE_LOOP_ANALYSIS = YES;
				CLANG_WARN_STRICT_PROTOTYPES = YES;
				CLANG_WARN_SUSPICIOUS_MOVE = YES;
				CLANG_WARN_UNGUARDED_AVAILABILITY = YES_AGGRESSIVE;
				CLANG_WARN_UNREACHABLE_CODE = YES;
				CLANG_WARN__DUPLICATE_METHOD_MATCH = YES;
				CODE_SIGN_IDENTITY = "iPhone Developer";
				COPY_PHASE_STRIP = NO;
				DEBUG_INFORMATION_FORMAT = "dwarf-with-dsym";
				ENABLE_NS_ASSERTIONS = NO;
				ENABLE_STRICT_OBJC_MSGSEND = YES;
				GCC_C_LANGUAGE_STANDARD = gnu11;
				GCC_NO_COMMON_BLOCKS = YES;
				GCC_WARN_64_TO_32_BIT_CONVERSION = YES;
				GCC_WARN_ABOUT_RETURN_TYPE = YES_ERROR;
				GCC_WARN_UNDECLARED_SELECTOR = YES;
				GCC_WARN_UNINITIALIZED_AUTOS = YES_AGGRESSIVE;
				GCC_WARN_UNUSED_FUNCTION = YES;
				GCC_WARN_UNUSED_VARIABLE = YES;
				IPHONEOS_DEPLOYMENT_TARGET = 11.4;
				MTL_ENABLE_DEBUG_INFO = NO;
				SDKROOT = iphoneos;
				SWIFT_COMPILATION_MODE = wholemodule;
				SWIFT_OPTIMIZATION_LEVEL = "-O";
				VALIDATE_PRODUCT = YES;
			};
			name = Release;
		};
		BC992761214B16AF00FC4B9C /* Debug */ = {
			isa = XCBuildConfiguration;
			buildSettings = {
				ASSETCATALOG_COMPILER_APPICON_NAME = AppIcon;
				CODE_SIGN_STYLE = Automatic;
				DEVELOPMENT_TEAM = 2BPJV79PL6;
				INFOPLIST_FILE = ToDo/Info.plist;
				LD_RUNPATH_SEARCH_PATHS = (
					"$(inherited)",
					"@executable_path/Frameworks",
				);
				PRODUCT_BUNDLE_IDENTIFIER = mike.pujol.ToDo;
				PRODUCT_NAME = "$(TARGET_NAME)";
				SWIFT_VERSION = 4.0;
				TARGETED_DEVICE_FAMILY = "1,2";
			};
			name = Debug;
		};
		BC992762214B16AF00FC4B9C /* Release */ = {
			isa = XCBuildConfiguration;
			buildSettings = {
				ASSETCATALOG_COMPILER_APPICON_NAME = AppIcon;
				CODE_SIGN_STYLE = Automatic;
				DEVELOPMENT_TEAM = 2BPJV79PL6;
				INFOPLIST_FILE = ToDo/Info.plist;
				LD_RUNPATH_SEARCH_PATHS = (
					"$(inherited)",
					"@executable_path/Frameworks",
				);
				PRODUCT_BUNDLE_IDENTIFIER = mike.pujol.ToDo;
				PRODUCT_NAME = "$(TARGET_NAME)";
				SWIFT_VERSION = 4.0;
				TARGETED_DEVICE_FAMILY = "1,2";
			};
			name = Release;
		};
		BC992764214B16AF00FC4B9C /* Debug */ = {
			isa = XCBuildConfiguration;
			buildSettings = {
				ALWAYS_EMBED_SWIFT_STANDARD_LIBRARIES = YES;
				BUNDLE_LOADER = "$(TEST_HOST)";
				CODE_SIGN_STYLE = Automatic;
				DEVELOPMENT_TEAM = 2BPJV79PL6;
				INFOPLIST_FILE = ToDoTests/Info.plist;
				LD_RUNPATH_SEARCH_PATHS = (
					"$(inherited)",
					"@executable_path/Frameworks",
					"@loader_path/Frameworks",
				);
				PRODUCT_BUNDLE_IDENTIFIER = mike.pujol.ToDoTests;
				PRODUCT_NAME = "$(TARGET_NAME)";
				SWIFT_VERSION = 4.0;
				TARGETED_DEVICE_FAMILY = "1,2";
				TEST_HOST = "$(BUILT_PRODUCTS_DIR)/ToDo.app/ToDo";
			};
			name = Debug;
		};
		BC992765214B16AF00FC4B9C /* Release */ = {
			isa = XCBuildConfiguration;
			buildSettings = {
				ALWAYS_EMBED_SWIFT_STANDARD_LIBRARIES = YES;
				BUNDLE_LOADER = "$(TEST_HOST)";
				CODE_SIGN_STYLE = Automatic;
				DEVELOPMENT_TEAM = 2BPJV79PL6;
				INFOPLIST_FILE = ToDoTests/Info.plist;
				LD_RUNPATH_SEARCH_PATHS = (
					"$(inherited)",
					"@executable_path/Frameworks",
					"@loader_path/Frameworks",
				);
				PRODUCT_BUNDLE_IDENTIFIER = mike.pujol.ToDoTests;
				PRODUCT_NAME = "$(TARGET_NAME)";
				SWIFT_VERSION = 4.0;
				TARGETED_DEVICE_FAMILY = "1,2";
				TEST_HOST = "$(BUILT_PRODUCTS_DIR)/ToDo.app/ToDo";
			};
			name = Release;
		};
/* End XCBuildConfiguration section */

/* Begin XCConfigurationList section */
		BC99273E214B16AD00FC4B9C /* Build configuration list for PBXProject "ToDo" */ = {
			isa = XCConfigurationList;
			buildConfigurations = (
				BC99275E214B16AF00FC4B9C /* Debug */,
				BC99275F214B16AF00FC4B9C /* Release */,
			);
			defaultConfigurationIsVisible = 0;
			defaultConfigurationName = Release;
		};
		BC992760214B16AF00FC4B9C /* Build configuration list for PBXNativeTarget "ToDo" */ = {
			isa = XCConfigurationList;
			buildConfigurations = (
				BC992761214B16AF00FC4B9C /* Debug */,
				BC992762214B16AF00FC4B9C /* Release */,
			);
			defaultConfigurationIsVisible = 0;
			defaultConfigurationName = Release;
		};
		BC992763214B16AF00FC4B9C /* Build configuration list for PBXNativeTarget "ToDoTests" */ = {
			isa = XCConfigurationList;
			buildConfigurations = (
				BC992764214B16AF00FC4B9C /* Debug */,
				BC992765214B16AF00FC4B9C /* Release */,
			);
			defaultConfigurationIsVisible = 0;
			defaultConfigurationName = Release;
		};
/* End XCConfigurationList section */
	};
	rootObject = BC99273B214B16AD00FC4B9C /* Project object */;
}
